
Microsoft Visual Studio Solution File, Format Version 12.00
# Visual Studio Version 17
VisualStudioVersion = 17.0.31903.59
MinimumVisualStudioVersion = 10.0.40219.1
Project("{2150E333-8FDC-42A3-9474-1A3956D46DE8}") = "src", "src", "{2C4DC283-1D87-4535-B939-020D4E2A2B27}"
EndProject
Project("{FAE04EC0-301F-11D3-BF4B-00C04F79EFBC}") = "AuctionService", "src\AuctionService\AuctionService.csproj", "{7FB43841-6D96-4DDD-AE85-50991F534C72}"
EndProject
Project("{FAE04EC0-301F-11D3-BF4B-00C04F79EFBC}") = "SearchService", "src\SearchService\SearchService.csproj", "{F75A9784-A5BC-4BA1-A8E3-B2ECFAFE8442}"
EndProject
Project("{FAE04EC0-301F-11D3-BF4B-00C04F79EFBC}") = "Contracts", "src\Contracts\Contracts.csproj", "{1EE6E728-7080-4018-8D23-4204DB940D47}"
EndProject
Project("{FAE04EC0-301F-11D3-BF4B-00C04F79EFBC}") = "IdentityService", "src\IdentityService\IdentityService.csproj", "{838BC319-BD4B-47D0-ABFE-E33C11642F16}"
EndProject
Project("{FAE04EC0-301F-11D3-BF4B-00C04F79EFBC}") = "GatewayService", "src\GatewayService\GatewayService.csproj", "{D30E54F4-3B3B-4B75-B6AC-60217C01A2D2}"
EndProject
Project("{2150E333-8FDC-42A3-9474-1A3956D46DE8}") = "tests", "tests", "{1A2EE690-5C04-4A98-A1C7-69DFB6BB7991}"
EndProject
Project("{FAE04EC0-301F-11D3-BF4B-00C04F79EFBC}") = "AuctionService.UnitTests", "tests\AuctionService.UnitTests\AuctionService.UnitTests.csproj", "{2E4A630A-88A3-46BE-9A4B-8B935F383B51}"
EndProject
Project("{FAE04EC0-301F-11D3-BF4B-00C04F79EFBC}") = "AuctionService.IntegrationTests", "tests\AuctionService.IntegrationTests\AuctionService.IntegrationTests.csproj", "{F853F871-8397-4EF0-8682-46F693EE2737}"
EndProject
Global
	GlobalSection(SolutionConfigurationPlatforms) = preSolution
		Debug|Any CPU = Debug|Any CPU
		Release|Any CPU = Release|Any CPU
	EndGlobalSection
	GlobalSection(SolutionProperties) = preSolution
		HideSolutionNode = FALSE
	EndGlobalSection
	GlobalSection(ProjectConfigurationPlatforms) = postSolution
		{7FB43841-6D96-4DDD-AE85-50991F534C72}.Debug|Any CPU.ActiveCfg = Debug|Any CPU
		{7FB43841-6D96-4DDD-AE85-50991F534C72}.Debug|Any CPU.Build.0 = Debug|Any CPU
		{7FB43841-6D96-4DDD-AE85-50991F534C72}.Release|Any CPU.ActiveCfg = Release|Any CPU
		{7FB43841-6D96-4DDD-AE85-50991F534C72}.Release|Any CPU.Build.0 = Release|Any CPU
		{F75A9784-A5BC-4BA1-A8E3-B2ECFAFE8442}.Debug|Any CPU.ActiveCfg = Debug|Any CPU
		{F75A9784-A5BC-4BA1-A8E3-B2ECFAFE8442}.Debug|Any CPU.Build.0 = Debug|Any CPU
		{F75A9784-A5BC-4BA1-A8E3-B2ECFAFE8442}.Release|Any CPU.ActiveCfg = Release|Any CPU
		{F75A9784-A5BC-4BA1-A8E3-B2ECFAFE8442}.Release|Any CPU.Build.0 = Release|Any CPU
		{1EE6E728-7080-4018-8D23-4204DB940D47}.Debug|Any CPU.ActiveCfg = Debug|Any CPU
		{1EE6E728-7080-4018-8D23-4204DB940D47}.Debug|Any CPU.Build.0 = Debug|Any CPU
		{1EE6E728-7080-4018-8D23-4204DB940D47}.Release|Any CPU.ActiveCfg = Release|Any CPU
		{1EE6E728-7080-4018-8D23-4204DB940D47}.Release|Any CPU.Build.0 = Release|Any CPU
		{838BC319-BD4B-47D0-ABFE-E33C11642F16}.Debug|Any CPU.ActiveCfg = Debug|Any CPU
		{838BC319-BD4B-47D0-ABFE-E33C11642F16}.Debug|Any CPU.Build.0 = Debug|Any CPU
		{838BC319-BD4B-47D0-ABFE-E33C11642F16}.Release|Any CPU.ActiveCfg = Release|Any CPU
		{838BC319-BD4B-47D0-ABFE-E33C11642F16}.Release|Any CPU.Build.0 = Release|Any CPU
		{D30E54F4-3B3B-4B75-B6AC-60217C01A2D2}.Debug|Any CPU.ActiveCfg = Debug|Any CPU
		{D30E54F4-3B3B-4B75-B6AC-60217C01A2D2}.Debug|Any CPU.Build.0 = Debug|Any CPU
		{D30E54F4-3B3B-4B75-B6AC-60217C01A2D2}.Release|Any CPU.ActiveCfg = Release|Any CPU
		{D30E54F4-3B3B-4B75-B6AC-60217C01A2D2}.Release|Any CPU.Build.0 = Release|Any CPU
		{2E4A630A-88A3-46BE-9A4B-8B935F383B51}.Debug|Any CPU.ActiveCfg = Debug|Any CPU
		{2E4A630A-88A3-46BE-9A4B-8B935F383B51}.Debug|Any CPU.Build.0 = Debug|Any CPU
		{2E4A630A-88A3-46BE-9A4B-8B935F383B51}.Release|Any CPU.ActiveCfg = Release|Any CPU
		{2E4A630A-88A3-46BE-9A4B-8B935F383B51}.Release|Any CPU.Build.0 = Release|Any CPU
		{F853F871-8397-4EF0-8682-46F693EE2737}.Debug|Any CPU.ActiveCfg = Debug|Any CPU
		{F853F871-8397-4EF0-8682-46F693EE2737}.Debug|Any CPU.Build.0 = Debug|Any CPU
		{F853F871-8397-4EF0-8682-46F693EE2737}.Release|Any CPU.ActiveCfg = Release|Any CPU
		{F853F871-8397-4EF0-8682-46F693EE2737}.Release|Any CPU.Build.0 = Release|Any CPU
	EndGlobalSection
	GlobalSection(NestedProjects) = preSolution
		{7FB43841-6D96-4DDD-AE85-50991F534C72} = {2C4DC283-1D87-4535-B939-020D4E2A2B27}
		{F75A9784-A5BC-4BA1-A8E3-B2ECFAFE8442} = {2C4DC283-1D87-4535-B939-020D4E2A2B27}
		{1EE6E728-7080-4018-8D23-4204DB940D47} = {2C4DC283-1D87-4535-B939-020D4E2A2B27}
		{838BC319-BD4B-47D0-ABFE-E33C11642F16} = {2C4DC283-1D87-4535-B939-020D4E2A2B27}
		{D30E54F4-3B3B-4B75-B6AC-60217C01A2D2} = {2C4DC283-1D87-4535-B939-020D4E2A2B27}
		{2E4A630A-88A3-46BE-9A4B-8B935F383B51} = {1A2EE690-5C04-4A98-A1C7-69DFB6BB7991}
		{F853F871-8397-4EF0-8682-46F693EE2737} = {1A2EE690-5C04-4A98-A1C7-69DFB6BB7991}
	EndGlobalSection
EndGlobal
